Microsoft Visual Studio Solution File, Format Version 12.00
# Visual Studio Version 17
VisualStudioVersion = 17.5.2.0
MinimumVisualStudioVersion = 10.0.40219.1
Project("{FAE04EC0-301F-11D3-BF4B-00C04F79EFBC}") = "QuizzBackend", "QuizzBackend.csproj", "{1E1CEC3B-A07B-D75A-1249-5B27587E24BD}"
EndProject
Global
	GlobalSection(SolutionConfigurationPlatforms) = preSolution
		Debug|Any CPU = Debug|Any CPU
		Release|Any CPU = Release|Any CPU
	EndGlobalSection
	GlobalSection(ProjectConfigurationPlatforms) = postSolution
		{1E1CEC3B-A07B-D75A-1249-5B27587E24BD}.Debug|Any CPU.ActiveCfg = Debug|Any CPU
		{1E1CEC3B-A07B-D75A-1249-5B27587E24BD}.Debug|Any CPU.Build.0 = Debug|Any CPU
		{1E1CEC3B-A07B-D75A-1249-5B27587E24BD}.Release|Any CPU.ActiveCfg = Release|Any CPU
		{1E1CEC3B-A07B-D75A-1249-5B27587E24BD}.Release|Any CPU.Build.0 = Release|Any CPU
	EndGlobalSection
	GlobalSection(SolutionProperties) = preSolution
		HideSolutionNode = FALSE
	EndGlobalSection
	GlobalSection(ExtensibilityGlobals) = postSolution
		SolutionGuid = {87A77743-10FA-49CD-AF37-08065862A3F4}
	EndGlobalSection
EndGlobal
